
Microsoft Visual Studio Solution File, Format Version 12.00
# Visual Studio 15
VisualStudioVersion = 15.0.28307.1340
MinimumVisualStudioVersion = 10.0.40219.1
Project("{FAE04EC0-301F-11D3-BF4B-00C04F79EFBC}") = "Tarea2_ER", "Tarea2_ER\Tarea2_ER.csproj", "{47FE14B2-E5A2-41C3-AF5B-0DAA421FCF02}"
EndProject
Global
	GlobalSection(SolutionConfigurationPlatforms) = preSolution
		Debug|Any CPU = Debug|Any CPU
		Release|Any CPU = Release|Any CPU
	EndGlobalSection
	GlobalSection(ProjectConfigurationPlatforms) = postSolution
		{47FE14B2-E5A2-41C3-AF5B-0DAA421FCF02}.Debug|Any CPU.ActiveCfg = Debug|Any CPU
		{47FE14B2-E5A2-41C3-AF5B-0DAA421FCF02}.Debug|Any CPU.Build.0 = Debug|Any CPU
		{47FE14B2-E5A2-41C3-AF5B-0DAA421FCF02}.Release|Any CPU.ActiveCfg = Release|Any CPU
		{47FE14B2-E5A2-41C3-AF5B-0DAA421FCF02}.Release|Any CPU.Build.0 = Release|Any CPU
	EndGlobalSection
	GlobalSection(SolutionProperties) = preSolution
		HideSolutionNode = FALSE
	EndGlobalSection
	GlobalSection(ExtensibilityGlobals) = postSolution
		SolutionGuid = {0B0C1BD1-0F0A-4107-8625-02D07BF9EAB2}
	EndGlobalSection
EndGlobal
