
Microsoft Visual Studio Solution File, Format Version 12.00
# Visual Studio Version 16
VisualStudioVersion = 16.0.31410.357
MinimumVisualStudioVersion = 10.0.40219.1
Project("{FAE04EC0-301F-11D3-BF4B-00C04F79EFBC}") = "Ciclos III", "Ciclos III.csproj", "{DED858DC-459B-4EA8-ABA9-6FF4D3B107B8}"
EndProject
Global
	GlobalSection(SolutionConfigurationPlatforms) = preSolution
		Debug|Any CPU = Debug|Any CPU
		Release|Any CPU = Release|Any CPU
	EndGlobalSection
	GlobalSection(ProjectConfigurationPlatforms) = postSolution
		{DED858DC-459B-4EA8-ABA9-6FF4D3B107B8}.Debug|Any CPU.ActiveCfg = Debug|Any CPU
		{DED858DC-459B-4EA8-ABA9-6FF4D3B107B8}.Debug|Any CPU.Build.0 = Debug|Any CPU
		{DED858DC-459B-4EA8-ABA9-6FF4D3B107B8}.Release|Any CPU.ActiveCfg = Release|Any CPU
		{DED858DC-459B-4EA8-ABA9-6FF4D3B107B8}.Release|Any CPU.Build.0 = Release|Any CPU
	EndGlobalSection
	GlobalSection(SolutionProperties) = preSolution
		HideSolutionNode = FALSE
	EndGlobalSection
	GlobalSection(ExtensibilityGlobals) = postSolution
		SolutionGuid = {9B8258F6-6D59-44F8-AAB8-EA414F3275BE}
	EndGlobalSection
EndGlobal
