
Microsoft Visual Studio Solution File, Format Version 12.00
# Visual Studio 15
VisualStudioVersion = 15.0.28307.1340
MinimumVisualStudioVersion = 10.0.40219.1
Project("{FAE04EC0-301F-11D3-BF4B-00C04F79EFBC}") = "Tarea_6", "Tarea_6\Tarea_6.csproj", "{8BFB28CF-2246-46BF-B337-4EE297D9A8B3}"
EndProject
Global
	GlobalSection(SolutionConfigurationPlatforms) = preSolution
		Debug|Any CPU = Debug|Any CPU
		Release|Any CPU = Release|Any CPU
	EndGlobalSection
	GlobalSection(ProjectConfigurationPlatforms) = postSolution
		{8BFB28CF-2246-46BF-B337-4EE297D9A8B3}.Debug|Any CPU.ActiveCfg = Debug|Any CPU
		{8BFB28CF-2246-46BF-B337-4EE297D9A8B3}.Debug|Any CPU.Build.0 = Debug|Any CPU
		{8BFB28CF-2246-46BF-B337-4EE297D9A8B3}.Release|Any CPU.ActiveCfg = Release|Any CPU
		{8BFB28CF-2246-46BF-B337-4EE297D9A8B3}.Release|Any CPU.Build.0 = Release|Any CPU
	EndGlobalSection
	GlobalSection(SolutionProperties) = preSolution
		HideSolutionNode = FALSE
	EndGlobalSection
	GlobalSection(ExtensibilityGlobals) = postSolution
		SolutionGuid = {6CA724BD-41DD-4B4D-809E-87107E4D073F}
	EndGlobalSection
EndGlobal
