
Microsoft Visual Studio Solution File, Format Version 12.00
# Visual Studio Version 16
VisualStudioVersion = 16.0.31321.278
MinimumVisualStudioVersion = 10.0.40219.1
Project("{FAE04EC0-301F-11D3-BF4B-00C04F79EFBC}") = "Condicionales", "Condicionales\Condicionales.csproj", "{BFC67964-2283-4D63-A3BE-008E41574F10}"
EndProject
Global
	GlobalSection(SolutionConfigurationPlatforms) = preSolution
		Debug|Any CPU = Debug|Any CPU
		Release|Any CPU = Release|Any CPU
	EndGlobalSection
	GlobalSection(ProjectConfigurationPlatforms) = postSolution
		{BFC67964-2283-4D63-A3BE-008E41574F10}.Debug|Any CPU.ActiveCfg = Debug|Any CPU
		{BFC67964-2283-4D63-A3BE-008E41574F10}.Debug|Any CPU.Build.0 = Debug|Any CPU
		{BFC67964-2283-4D63-A3BE-008E41574F10}.Release|Any CPU.ActiveCfg = Release|Any CPU
		{BFC67964-2283-4D63-A3BE-008E41574F10}.Release|Any CPU.Build.0 = Release|Any CPU
	EndGlobalSection
	GlobalSection(SolutionProperties) = preSolution
		HideSolutionNode = FALSE
	EndGlobalSection
	GlobalSection(ExtensibilityGlobals) = postSolution
		SolutionGuid = {491ECA4C-E450-4FE7-92EE-A832ADF283DC}
	EndGlobalSection
EndGlobal
