
Microsoft Visual Studio Solution File, Format Version 12.00
# Visual Studio Version 16
VisualStudioVersion = 16.0.31321.278
MinimumVisualStudioVersion = 10.0.40219.1
Project("{FAE04EC0-301F-11D3-BF4B-00C04F79EFBC}") = "Ciclos II", "Ciclos II\Ciclos II.csproj", "{1D9F3CE9-26F9-4D8E-9484-D10FB3BD1CA9}"
EndProject
Global
	GlobalSection(SolutionConfigurationPlatforms) = preSolution
		Debug|Any CPU = Debug|Any CPU
		Release|Any CPU = Release|Any CPU
	EndGlobalSection
	GlobalSection(ProjectConfigurationPlatforms) = postSolution
		{1D9F3CE9-26F9-4D8E-9484-D10FB3BD1CA9}.Debug|Any CPU.ActiveCfg = Debug|Any CPU
		{1D9F3CE9-26F9-4D8E-9484-D10FB3BD1CA9}.Debug|Any CPU.Build.0 = Debug|Any CPU
		{1D9F3CE9-26F9-4D8E-9484-D10FB3BD1CA9}.Release|Any CPU.ActiveCfg = Release|Any CPU
		{1D9F3CE9-26F9-4D8E-9484-D10FB3BD1CA9}.Release|Any CPU.Build.0 = Release|Any CPU
	EndGlobalSection
	GlobalSection(SolutionProperties) = preSolution
		HideSolutionNode = FALSE
	EndGlobalSection
	GlobalSection(ExtensibilityGlobals) = postSolution
		SolutionGuid = {E6D98E00-0760-4AE3-8ABC-67BAF9A01411}
	EndGlobalSection
EndGlobal
