
Microsoft Visual Studio Solution File, Format Version 12.00
# Visual Studio Version 16
VisualStudioVersion = 16.0.31321.278
MinimumVisualStudioVersion = 10.0.40219.1
Project("{FAE04EC0-301F-11D3-BF4B-00C04F79EFBC}") = "Programacion Secuencial 2", "Programacion Secuencial 2\Programacion Secuencial 2.csproj", "{6858DAE5-D839-4ACC-A918-316A24791886}"
EndProject
Global
	GlobalSection(SolutionConfigurationPlatforms) = preSolution
		Debug|Any CPU = Debug|Any CPU
		Release|Any CPU = Release|Any CPU
	EndGlobalSection
	GlobalSection(ProjectConfigurationPlatforms) = postSolution
		{6858DAE5-D839-4ACC-A918-316A24791886}.Debug|Any CPU.ActiveCfg = Debug|Any CPU
		{6858DAE5-D839-4ACC-A918-316A24791886}.Debug|Any CPU.Build.0 = Debug|Any CPU
		{6858DAE5-D839-4ACC-A918-316A24791886}.Release|Any CPU.ActiveCfg = Release|Any CPU
		{6858DAE5-D839-4ACC-A918-316A24791886}.Release|Any CPU.Build.0 = Release|Any CPU
	EndGlobalSection
	GlobalSection(SolutionProperties) = preSolution
		HideSolutionNode = FALSE
	EndGlobalSection
	GlobalSection(ExtensibilityGlobals) = postSolution
		SolutionGuid = {B992F514-FE2C-49B6-A48E-F6C532B27A74}
	EndGlobalSection
EndGlobal
