
Microsoft Visual Studio Solution File, Format Version 12.00
# Visual Studio Version 16
VisualStudioVersion = 16.0.31410.357
MinimumVisualStudioVersion = 10.0.40219.1
Project("{FAE04EC0-301F-11D3-BF4B-00C04F79EFBC}") = "FormsI", "FormsI.csproj", "{AC5F39BC-F76C-4881-8E2D-77CE8DF62887}"
EndProject
Global
	GlobalSection(SolutionConfigurationPlatforms) = preSolution
		Debug|Any CPU = Debug|Any CPU
		Release|Any CPU = Release|Any CPU
	EndGlobalSection
	GlobalSection(ProjectConfigurationPlatforms) = postSolution
		{AC5F39BC-F76C-4881-8E2D-77CE8DF62887}.Debug|Any CPU.ActiveCfg = Debug|Any CPU
		{AC5F39BC-F76C-4881-8E2D-77CE8DF62887}.Debug|Any CPU.Build.0 = Debug|Any CPU
		{AC5F39BC-F76C-4881-8E2D-77CE8DF62887}.Release|Any CPU.ActiveCfg = Release|Any CPU
		{AC5F39BC-F76C-4881-8E2D-77CE8DF62887}.Release|Any CPU.Build.0 = Release|Any CPU
	EndGlobalSection
	GlobalSection(SolutionProperties) = preSolution
		HideSolutionNode = FALSE
	EndGlobalSection
	GlobalSection(ExtensibilityGlobals) = postSolution
		SolutionGuid = {E460EC71-2375-443E-B648-27CCB91AB43E}
	EndGlobalSection
EndGlobal
